
Microsoft Visual Studio Solution File, Format Version 12.00
# Visual Studio Version 17
VisualStudioVersion = 17.14.36109.1 d17.14
MinimumVisualStudioVersion = 10.0.40219.1
Project("{FAE04EC0-301F-11D3-BF4B-00C04F79EFBC}") = "Model", "Model\Model.csproj", "{76CBCF67-3180-42B4-8FF4-49D3C2F0F0A8}"
EndProject
Project("{FAE04EC0-301F-11D3-BF4B-00C04F79EFBC}") = "ApplicationService", "ApplicationService\ApplicationService.csproj", "{33573AD0-3D29-4764-8B10-6793E5B8DC9F}"
EndProject
Project("{FAE04EC0-301F-11D3-BF4B-00C04F79EFBC}") = "View", "View\View.csproj", "{3405EB91-2951-45F9-B9BE-E87F8BBE3405}"
EndProject
Global
	GlobalSection(SolutionConfigurationPlatforms) = preSolution
		Debug|Any CPU = Debug|Any CPU
		Release|Any CPU = Release|Any CPU
	EndGlobalSection
	GlobalSection(ProjectConfigurationPlatforms) = postSolution
		{76CBCF67-3180-42B4-8FF4-49D3C2F0F0A8}.Debug|Any CPU.ActiveCfg = Debug|Any CPU
		{76CBCF67-3180-42B4-8FF4-49D3C2F0F0A8}.Debug|Any CPU.Build.0 = Debug|Any CPU
		{76CBCF67-3180-42B4-8FF4-49D3C2F0F0A8}.Release|Any CPU.ActiveCfg = Release|Any CPU
		{76CBCF67-3180-42B4-8FF4-49D3C2F0F0A8}.Release|Any CPU.Build.0 = Release|Any CPU
		{33573AD0-3D29-4764-8B10-6793E5B8DC9F}.Debug|Any CPU.ActiveCfg = Debug|Any CPU
		{33573AD0-3D29-4764-8B10-6793E5B8DC9F}.Debug|Any CPU.Build.0 = Debug|Any CPU
		{33573AD0-3D29-4764-8B10-6793E5B8DC9F}.Release|Any CPU.ActiveCfg = Release|Any CPU
		{33573AD0-3D29-4764-8B10-6793E5B8DC9F}.Release|Any CPU.Build.0 = Release|Any CPU
		{3405EB91-2951-45F9-B9BE-E87F8BBE3405}.Debug|Any CPU.ActiveCfg = Debug|Any CPU
		{3405EB91-2951-45F9-B9BE-E87F8BBE3405}.Debug|Any CPU.Build.0 = Debug|Any CPU
		{3405EB91-2951-45F9-B9BE-E87F8BBE3405}.Release|Any CPU.ActiveCfg = Release|Any CPU
		{3405EB91-2951-45F9-B9BE-E87F8BBE3405}.Release|Any CPU.Build.0 = Release|Any CPU
	EndGlobalSection
	GlobalSection(SolutionProperties) = preSolution
		HideSolutionNode = FALSE
	EndGlobalSection
	GlobalSection(ExtensibilityGlobals) = postSolution
		SolutionGuid = {1CDA7838-DA7A-4FBF-AEDD-28507BDE14A4}
	EndGlobalSection
EndGlobal
